
Microsoft Visual Studio Solution File, Format Version 11.00
# Visual Studio 2010
Project("{8BC9CEB8-8B4A-11D0-8D11-00A0C91BC942}") = "NinjaCloudSimulator", "NinjaCloudSimulator.vcxproj", "{296AD486-8728-4926-8F0E-BF5262F92A91}"
EndProject
Global
	GlobalSection(SolutionConfigurationPlatforms) = preSolution
		Debug|Win32 = Debug|Win32
		Release|Win32 = Release|Win32
	EndGlobalSection
	GlobalSection(ProjectConfigurationPlatforms) = postSolution
		{296AD486-8728-4926-8F0E-BF5262F92A91}.Debug|Win32.ActiveCfg = Debug|Win32
		{296AD486-8728-4926-8F0E-BF5262F92A91}.Debug|Win32.Build.0 = Debug|Win32
		{296AD486-8728-4926-8F0E-BF5262F92A91}.Release|Win32.ActiveCfg = Release|Win32
		{296AD486-8728-4926-8F0E-BF5262F92A91}.Release|Win32.Build.0 = Release|Win32
	EndGlobalSection
	GlobalSection(SolutionProperties) = preSolution
		HideSolutionNode = FALSE
	EndGlobalSection
EndGlobal
